<Solution>
  <Folder Name="/src/">
    <Project Path="src/NcPasswords.App/NcPasswords.App.csproj" />
    <Project Path="src/NcPasswords.Core/NcPasswords.Core.csproj" />
  </Folder>
  <Folder Name="/tests/">
    <Project Path="tests/NcPasswords.Core.Tests/NcPasswords.Core.Tests.csproj" />
  </Folder>
</Solution>
